
Microsoft Visual Studio Solution File, Format Version 12.00
# Visual Studio Version 17
VisualStudioVersion = 17.9.34728.123
MinimumVisualStudioVersion = 10.0.40219.1
Project("{8BC9CEB8-8B4A-11D0-8D11-00A0C91BC942}") = "Program", "Program.vcxproj", "{B49FA63C-5CE5-4104-8A0E-AC394BF22D8C}"
EndProject
Project("{8BC9CEB8-8B4A-11D0-8D11-00A0C91BC942}") = "Class2th (Class)", "..\Class2th (Class)\Class2th (Class).vcxproj", "{C3311D8B-0808-4CF5-993A-2BD46FD7E044}"
EndProject
Project("{8BC9CEB8-8B4A-11D0-8D11-00A0C91BC942}") = "Class1th (Stream)", "..\Class1th (Stream)\Class1th (Stream).vcxproj", "{62412AF0-2D3C-4E7D-A525-118D9B9DCCC4}"
EndProject
Project("{8BC9CEB8-8B4A-11D0-8D11-00A0C91BC942}") = "Class3th (Constructor & Destructor)", "..\Class3th (Constructor & Destructor)\Class3th (Constructor & Destructor).vcxproj", "{1F688785-BCB6-43F2-A155-DEC8DE949BCE}"
EndProject
Project("{8BC9CEB8-8B4A-11D0-8D11-00A0C91BC942}") = "Class4th (Inheritance)", "..\Class4th (Inheritance)\Class4th (Inheritance).vcxproj", "{F7C31B8C-EEBB-4973-8345-B91388C31807}"
EndProject
Project("{8BC9CEB8-8B4A-11D0-8D11-00A0C91BC942}") = "Class5th (Polymorphism)", "..\Class5th (Polymorphism)\Class5th (Polymorphism).vcxproj", "{5CDD0A90-2331-4649-9B1A-6BF1298D5B85}"
EndProject
Project("{8BC9CEB8-8B4A-11D0-8D11-00A0C91BC942}") = "Class6th (Pure Virtual Function)", "..\Class6th (Pure Virtual Function)\Class6th (Pure Virtual Function).vcxproj", "{F4804DCC-1715-4FAB-80D7-5F3A4A86CED6}"
EndProject
Project("{8BC9CEB8-8B4A-11D0-8D11-00A0C91BC942}") = "Class7th (Multiple Inheritance)", "..\Class7th (Multiple Inhertitance)\Class7th (Multiple Inhertitance).vcxproj", "{1DFA1FB9-1DE4-4F8C-B09B-69AFCCE6D496}"
EndProject
Project("{8BC9CEB8-8B4A-11D0-8D11-00A0C91BC942}") = "Class8th (Object Slice)", "..\Class8th (Object Slice)\Class8th (Object Slice).vcxproj", "{D3F694A3-E9BC-4CD5-8345-64868336366D}"
EndProject
Project("{8BC9CEB8-8B4A-11D0-8D11-00A0C91BC942}") = "Class9th (Operator Overloading)", "..\Class9th (Operator Overloading)\Class9th (Operator Overloading).vcxproj", "{430823DF-36E1-4686-87C1-6472AF5145C6}"
EndProject
Project("{8BC9CEB8-8B4A-11D0-8D11-00A0C91BC942}") = "Class10th (Friend)", "..\Class10th (Friend)\Class10th (Friend).vcxproj", "{69E7CB4D-9B71-488D-B03B-BD142FED7A15}"
EndProject
Project("{8BC9CEB8-8B4A-11D0-8D11-00A0C91BC942}") = "Class11th (Smart Pointer)", "..\Class11th (Smart Pointer)\Class11th (Smart Pointer).vcxproj", "{9C6E418B-7BF0-4BF7-A003-74C3FF7A6351}"
EndProject
Global
	GlobalSection(SolutionConfigurationPlatforms) = preSolution
		Debug|x64 = Debug|x64
		Debug|x86 = Debug|x86
		Release|x64 = Release|x64
		Release|x86 = Release|x86
	EndGlobalSection
	GlobalSection(ProjectConfigurationPlatforms) = postSolution
		{B49FA63C-5CE5-4104-8A0E-AC394BF22D8C}.Debug|x64.ActiveCfg = Debug|x64
		{B49FA63C-5CE5-4104-8A0E-AC394BF22D8C}.Debug|x64.Build.0 = Debug|x64
		{B49FA63C-5CE5-4104-8A0E-AC394BF22D8C}.Debug|x86.ActiveCfg = Debug|Win32
		{B49FA63C-5CE5-4104-8A0E-AC394BF22D8C}.Debug|x86.Build.0 = Debug|Win32
		{B49FA63C-5CE5-4104-8A0E-AC394BF22D8C}.Release|x64.ActiveCfg = Release|x64
		{B49FA63C-5CE5-4104-8A0E-AC394BF22D8C}.Release|x64.Build.0 = Release|x64
		{B49FA63C-5CE5-4104-8A0E-AC394BF22D8C}.Release|x86.ActiveCfg = Release|Win32
		{B49FA63C-5CE5-4104-8A0E-AC394BF22D8C}.Release|x86.Build.0 = Release|Win32
		{C3311D8B-0808-4CF5-993A-2BD46FD7E044}.Debug|x64.ActiveCfg = Debug|x64
		{C3311D8B-0808-4CF5-993A-2BD46FD7E044}.Debug|x64.Build.0 = Debug|x64
		{C3311D8B-0808-4CF5-993A-2BD46FD7E044}.Debug|x86.ActiveCfg = Debug|Win32
		{C3311D8B-0808-4CF5-993A-2BD46FD7E044}.Debug|x86.Build.0 = Debug|Win32
		{C3311D8B-0808-4CF5-993A-2BD46FD7E044}.Release|x64.ActiveCfg = Release|x64
		{C3311D8B-0808-4CF5-993A-2BD46FD7E044}.Release|x64.Build.0 = Release|x64
		{C3311D8B-0808-4CF5-993A-2BD46FD7E044}.Release|x86.ActiveCfg = Release|Win32
		{C3311D8B-0808-4CF5-993A-2BD46FD7E044}.Release|x86.Build.0 = Release|Win32
		{62412AF0-2D3C-4E7D-A525-118D9B9DCCC4}.Debug|x64.ActiveCfg = Debug|x64
		{62412AF0-2D3C-4E7D-A525-118D9B9DCCC4}.Debug|x64.Build.0 = Debug|x64
		{62412AF0-2D3C-4E7D-A525-118D9B9DCCC4}.Debug|x86.ActiveCfg = Debug|Win32
		{62412AF0-2D3C-4E7D-A525-118D9B9DCCC4}.Debug|x86.Build.0 = Debug|Win32
		{62412AF0-2D3C-4E7D-A525-118D9B9DCCC4}.Release|x64.ActiveCfg = Release|x64
		{62412AF0-2D3C-4E7D-A525-118D9B9DCCC4}.Release|x64.Build.0 = Release|x64
		{62412AF0-2D3C-4E7D-A525-118D9B9DCCC4}.Release|x86.ActiveCfg = Release|Win32
		{62412AF0-2D3C-4E7D-A525-118D9B9DCCC4}.Release|x86.Build.0 = Release|Win32
		{1F688785-BCB6-43F2-A155-DEC8DE949BCE}.Debug|x64.ActiveCfg = Debug|x64
		{1F688785-BCB6-43F2-A155-DEC8DE949BCE}.Debug|x64.Build.0 = Debug|x64
		{1F688785-BCB6-43F2-A155-DEC8DE949BCE}.Debug|x86.ActiveCfg = Debug|Win32
		{1F688785-BCB6-43F2-A155-DEC8DE949BCE}.Debug|x86.Build.0 = Debug|Win32
		{1F688785-BCB6-43F2-A155-DEC8DE949BCE}.Release|x64.ActiveCfg = Release|x64
		{1F688785-BCB6-43F2-A155-DEC8DE949BCE}.Release|x64.Build.0 = Release|x64
		{1F688785-BCB6-43F2-A155-DEC8DE949BCE}.Release|x86.ActiveCfg = Release|Win32
		{1F688785-BCB6-43F2-A155-DEC8DE949BCE}.Release|x86.Build.0 = Release|Win32
		{F7C31B8C-EEBB-4973-8345-B91388C31807}.Debug|x64.ActiveCfg = Debug|x64
		{F7C31B8C-EEBB-4973-8345-B91388C31807}.Debug|x64.Build.0 = Debug|x64
		{F7C31B8C-EEBB-4973-8345-B91388C31807}.Debug|x86.ActiveCfg = Debug|Win32
		{F7C31B8C-EEBB-4973-8345-B91388C31807}.Debug|x86.Build.0 = Debug|Win32
		{F7C31B8C-EEBB-4973-8345-B91388C31807}.Release|x64.ActiveCfg = Release|x64
		{F7C31B8C-EEBB-4973-8345-B91388C31807}.Release|x64.Build.0 = Release|x64
		{F7C31B8C-EEBB-4973-8345-B91388C31807}.Release|x86.ActiveCfg = Release|Win32
		{F7C31B8C-EEBB-4973-8345-B91388C31807}.Release|x86.Build.0 = Release|Win32
		{5CDD0A90-2331-4649-9B1A-6BF1298D5B85}.Debug|x64.ActiveCfg = Debug|x64
		{5CDD0A90-2331-4649-9B1A-6BF1298D5B85}.Debug|x64.Build.0 = Debug|x64
		{5CDD0A90-2331-4649-9B1A-6BF1298D5B85}.Debug|x86.ActiveCfg = Debug|Win32
		{5CDD0A90-2331-4649-9B1A-6BF1298D5B85}.Debug|x86.Build.0 = Debug|Win32
		{5CDD0A90-2331-4649-9B1A-6BF1298D5B85}.Release|x64.ActiveCfg = Release|x64
		{5CDD0A90-2331-4649-9B1A-6BF1298D5B85}.Release|x64.Build.0 = Release|x64
		{5CDD0A90-2331-4649-9B1A-6BF1298D5B85}.Release|x86.ActiveCfg = Release|Win32
		{5CDD0A90-2331-4649-9B1A-6BF1298D5B85}.Release|x86.Build.0 = Release|Win32
		{F4804DCC-1715-4FAB-80D7-5F3A4A86CED6}.Debug|x64.ActiveCfg = Debug|x64
		{F4804DCC-1715-4FAB-80D7-5F3A4A86CED6}.Debug|x64.Build.0 = Debug|x64
		{F4804DCC-1715-4FAB-80D7-5F3A4A86CED6}.Debug|x86.ActiveCfg = Debug|Win32
		{F4804DCC-1715-4FAB-80D7-5F3A4A86CED6}.Debug|x86.Build.0 = Debug|Win32
		{F4804DCC-1715-4FAB-80D7-5F3A4A86CED6}.Release|x64.ActiveCfg = Release|x64
		{F4804DCC-1715-4FAB-80D7-5F3A4A86CED6}.Release|x64.Build.0 = Release|x64
		{F4804DCC-1715-4FAB-80D7-5F3A4A86CED6}.Release|x86.ActiveCfg = Release|Win32
		{F4804DCC-1715-4FAB-80D7-5F3A4A86CED6}.Release|x86.Build.0 = Release|Win32
		{1DFA1FB9-1DE4-4F8C-B09B-69AFCCE6D496}.Debug|x64.ActiveCfg = Debug|x64
		{1DFA1FB9-1DE4-4F8C-B09B-69AFCCE6D496}.Debug|x64.Build.0 = Debug|x64
		{1DFA1FB9-1DE4-4F8C-B09B-69AFCCE6D496}.Debug|x86.ActiveCfg = Debug|Win32
		{1DFA1FB9-1DE4-4F8C-B09B-69AFCCE6D496}.Debug|x86.Build.0 = Debug|Win32
		{1DFA1FB9-1DE4-4F8C-B09B-69AFCCE6D496}.Release|x64.ActiveCfg = Release|x64
		{1DFA1FB9-1DE4-4F8C-B09B-69AFCCE6D496}.Release|x64.Build.0 = Release|x64
		{1DFA1FB9-1DE4-4F8C-B09B-69AFCCE6D496}.Release|x86.ActiveCfg = Release|Win32
		{1DFA1FB9-1DE4-4F8C-B09B-69AFCCE6D496}.Release|x86.Build.0 = Release|Win32
		{D3F694A3-E9BC-4CD5-8345-64868336366D}.Debug|x64.ActiveCfg = Debug|x64
		{D3F694A3-E9BC-4CD5-8345-64868336366D}.Debug|x64.Build.0 = Debug|x64
		{D3F694A3-E9BC-4CD5-8345-64868336366D}.Debug|x86.ActiveCfg = Debug|Win32
		{D3F694A3-E9BC-4CD5-8345-64868336366D}.Debug|x86.Build.0 = Debug|Win32
		{D3F694A3-E9BC-4CD5-8345-64868336366D}.Release|x64.ActiveCfg = Release|x64
		{D3F694A3-E9BC-4CD5-8345-64868336366D}.Release|x64.Build.0 = Release|x64
		{D3F694A3-E9BC-4CD5-8345-64868336366D}.Release|x86.ActiveCfg = Release|Win32
		{D3F694A3-E9BC-4CD5-8345-64868336366D}.Release|x86.Build.0 = Release|Win32
		{430823DF-36E1-4686-87C1-6472AF5145C6}.Debug|x64.ActiveCfg = Debug|x64
		{430823DF-36E1-4686-87C1-6472AF5145C6}.Debug|x64.Build.0 = Debug|x64
		{430823DF-36E1-4686-87C1-6472AF5145C6}.Debug|x86.ActiveCfg = Debug|Win32
		{430823DF-36E1-4686-87C1-6472AF5145C6}.Debug|x86.Build.0 = Debug|Win32
		{430823DF-36E1-4686-87C1-6472AF5145C6}.Release|x64.ActiveCfg = Release|x64
		{430823DF-36E1-4686-87C1-6472AF5145C6}.Release|x64.Build.0 = Release|x64
		{430823DF-36E1-4686-87C1-6472AF5145C6}.Release|x86.ActiveCfg = Release|Win32
		{430823DF-36E1-4686-87C1-6472AF5145C6}.Release|x86.Build.0 = Release|Win32
		{69E7CB4D-9B71-488D-B03B-BD142FED7A15}.Debug|x64.ActiveCfg = Debug|x64
		{69E7CB4D-9B71-488D-B03B-BD142FED7A15}.Debug|x64.Build.0 = Debug|x64
		{69E7CB4D-9B71-488D-B03B-BD142FED7A15}.Debug|x86.ActiveCfg = Debug|Win32
		{69E7CB4D-9B71-488D-B03B-BD142FED7A15}.Debug|x86.Build.0 = Debug|Win32
		{69E7CB4D-9B71-488D-B03B-BD142FED7A15}.Release|x64.ActiveCfg = Release|x64
		{69E7CB4D-9B71-488D-B03B-BD142FED7A15}.Release|x64.Build.0 = Release|x64
		{69E7CB4D-9B71-488D-B03B-BD142FED7A15}.Release|x86.ActiveCfg = Release|Win32
		{69E7CB4D-9B71-488D-B03B-BD142FED7A15}.Release|x86.Build.0 = Release|Win32
		{9C6E418B-7BF0-4BF7-A003-74C3FF7A6351}.Debug|x64.ActiveCfg = Debug|x64
		{9C6E418B-7BF0-4BF7-A003-74C3FF7A6351}.Debug|x64.Build.0 = Debug|x64
		{9C6E418B-7BF0-4BF7-A003-74C3FF7A6351}.Debug|x86.ActiveCfg = Debug|Win32
		{9C6E418B-7BF0-4BF7-A003-74C3FF7A6351}.Debug|x86.Build.0 = Debug|Win32
		{9C6E418B-7BF0-4BF7-A003-74C3FF7A6351}.Release|x64.ActiveCfg = Release|x64
		{9C6E418B-7BF0-4BF7-A003-74C3FF7A6351}.Release|x64.Build.0 = Release|x64
		{9C6E418B-7BF0-4BF7-A003-74C3FF7A6351}.Release|x86.ActiveCfg = Release|Win32
		{9C6E418B-7BF0-4BF7-A003-74C3FF7A6351}.Release|x86.Build.0 = Release|Win32
	EndGlobalSection
	GlobalSection(SolutionProperties) = preSolution
		HideSolutionNode = FALSE
	EndGlobalSection
	GlobalSection(ExtensibilityGlobals) = postSolution
		SolutionGuid = {F0D2B484-D4B6-44BD-81B3-74A935121DEB}
	EndGlobalSection
EndGlobal
